PODS:
  - Alamofire (5.7.1)
  - HandyJSON (5.0.2)
  - Moya (15.0.0):
    - Moya/Core (= 15.0.0)
  - Moya/Core (15.0.0):
    - Alamofire (~> 5.0)
  - SwiftNetworking (0.1.4):
    - Alamofire (~> 5.7.1)
    - HandyJSON (~> 5.0.2)
    - Moya (~> 15.0.0)

DEPENDENCIES:
  - SwiftNetworking (from `../`)

SPEC REPOS:
  trunk:
    - Alamofire
    - HandyJSON
    - Moya

EXTERNAL SOURCES:
  SwiftNetworking:
    :path: "../"

SPEC CHECKSUMS:
  Alamofire: 0123a34370cb170936ae79a8df46cc62b2edeb88
  HandyJSON: 9e4e236f5d2dbefad5155a77417bbea438201c03
  Moya: 138f0573e53411fb3dc17016add0b748dfbd78ee
  SwiftNetworking: ac4110bd3574213be70df348d6f488805e041ac1

PODFILE CHECKSUM: 8a75e534485c0ff82b0d6c64e50c9fde36c1df8c

COCOAPODS: 1.15.2
